
Microsoft Visual Studio Solution File, Format Version 12.00
# Visual Studio 14
VisualStudioVersion = 14.0.25420.1
MinimumVisualStudioVersion = 10.0.40219.1
Project("{FAE04EC0-301F-11D3-BF4B-00C04F79EFBC}") = "单纯形法", "单纯形法\单纯形法.csproj", "{507030AB-E6C8-47D3-9DAC-017FC88A9B16}"
EndProject
Global
	GlobalSection(SolutionConfigurationPlatforms) = preSolution
		Debug|Any CPU = Debug|Any CPU
		Release|Any CPU = Release|Any CPU
	EndGlobalSection
	GlobalSection(ProjectConfigurationPlatforms) = postSolution
		{507030AB-E6C8-47D3-9DAC-017FC88A9B16}.Debug|Any CPU.ActiveCfg = Debug|Any CPU
		{507030AB-E6C8-47D3-9DAC-017FC88A9B16}.Debug|Any CPU.Build.0 = Debug|Any CPU
		{507030AB-E6C8-47D3-9DAC-017FC88A9B16}.Release|Any CPU.ActiveCfg = Release|Any CPU
		{507030AB-E6C8-47D3-9DAC-017FC88A9B16}.Release|Any CPU.Build.0 = Release|Any CPU
	EndGlobalSection
	GlobalSection(SolutionProperties) = preSolution
		HideSolutionNode = FALSE
	EndGlobalSection
EndGlobal
